
Microsoft Visual Studio Solution File, Format Version 12.00
# Visual Studio Version 17
VisualStudioVersion = 17.14.37628.2 d17.14
MinimumVisualStudioVersion = 10.0.40219.1
Project("{FAE04EC0-301F-11D3-BF4B-00C04F79EFBC}") = "assignment2", "assignment2\assignment2.csproj", "{174A0550-58EC-4A20-8217-16727433204E}"
EndProject
Global
	GlobalSection(SolutionConfigurationPlatforms) = preSolution
		Debug|Any CPU = Debug|Any CPU
		Release|Any CPU = Release|Any CPU
	EndGlobalSection
	GlobalSection(ProjectConfigurationPlatforms) = postSolution
		{174A0550-58EC-4A20-8217-16727433204E}.Debug|Any CPU.ActiveCfg = Debug|Any CPU
		{174A0550-58EC-4A20-8217-16727433204E}.Debug|Any CPU.Build.0 = Debug|Any CPU
		{174A0550-58EC-4A20-8217-16727433204E}.Release|Any CPU.ActiveCfg = Release|Any CPU
		{174A0550-58EC-4A20-8217-16727433204E}.Release|Any CPU.Build.0 = Release|Any CPU
	EndGlobalSection
	GlobalSection(SolutionProperties) = preSolution
		HideSolutionNode = FALSE
	EndGlobalSection
	GlobalSection(ExtensibilityGlobals) = postSolution
		SolutionGuid = {05C90400-902E-4833-875F-E0BAA50F1903}
	EndGlobalSection
EndGlobal
