
Microsoft Visual Studio Solution File, Format Version 12.00
# Visual Studio Version 17
VisualStudioVersion = 17.14.37628.2 d17.14
MinimumVisualStudioVersion = 10.0.40219.1
Project("{FAE04EC0-301F-11D3-BF4B-00C04F79EFBC}") = "studentinformation", "studentinformation\studentinformation.csproj", "{8FE4914D-D687-4CEE-BC13-060D885ADDFE}"
EndProject
Global
	GlobalSection(SolutionConfigurationPlatforms) = preSolution
		Debug|Any CPU = Debug|Any CPU
		Release|Any CPU = Release|Any CPU
	EndGlobalSection
	GlobalSection(ProjectConfigurationPlatforms) = postSolution
		{8FE4914D-D687-4CEE-BC13-060D885ADDFE}.Debug|Any CPU.ActiveCfg = Debug|Any CPU
		{8FE4914D-D687-4CEE-BC13-060D885ADDFE}.Debug|Any CPU.Build.0 = Debug|Any CPU
		{8FE4914D-D687-4CEE-BC13-060D885ADDFE}.Release|Any CPU.ActiveCfg = Release|Any CPU
		{8FE4914D-D687-4CEE-BC13-060D885ADDFE}.Release|Any CPU.Build.0 = Release|Any CPU
	EndGlobalSection
	GlobalSection(SolutionProperties) = preSolution
		HideSolutionNode = FALSE
	EndGlobalSection
	GlobalSection(ExtensibilityGlobals) = postSolution
		SolutionGuid = {E63B9B6F-34F5-407A-8CF9-85D7796A457A}
	EndGlobalSection
EndGlobal
